// !$*UTF8*$!
{
	archiveVersion = 1;
	classes = {
	};
	objectVersion = 50;
	objects = {

/* Begin PBXBuildFile section */
		8727A96021B8A4DB00302566 /* myEventsTableViewController.swift in Sources */ = {isa = PBXBuildFile; fileRef = 8727A95F21B8A4DB00302566 /* myEventsTableViewController.swift */; };
		8727A96221B8C30A00302566 /* StatusType.swift in Sources */ = {isa = PBXBuildFile; fileRef = 8727A96121B8C30A00302566 /* StatusType.swift */; };
		87D9927921B7772400FAC981 /* AppDelegate.swift in Sources */ = {isa = PBXBuildFile; fileRef = 87D9927821B7772400FAC981 /* AppDelegate.swift */; };
		87D9927B21B7772400FAC981 /* myStatusViewController.swift in Sources */ = {isa = PBXBuildFile; fileRef = 87D9927A21B7772400FAC981 /* myStatusViewController.swift */; };
		87D9928021B7772400FAC981 /* Main.storyboard in Resources */ = {isa = PBXBuildFile; fileRef = 87D9927E21B7772400FAC981 /* Main.storyboard */; };
		87D9928221B7772600FAC981 /* Assets.xcassets in Resources */ = {isa = PBXBuildFile; fileRef = 87D9928121B7772600FAC981 /* Assets.xcassets */; };
		87D9928521B7772600FAC981 /* LaunchScreen.storyboard in Resources */ = {isa = PBXBuildFile; fileRef = 87D9928321B7772600FAC981 /* LaunchScreen.storyboard */; };
		87D9929021B7772600FAC981 /* myStatus365Tests.swift in Sources */ = {isa = PBXBuildFile; fileRef = 87D9928F21B7772600FAC981 /* myStatus365Tests.swift */; };
		87D9929B21B7792F00FAC981 /* Authentication.swift in Sources */ = {isa = PBXBuildFile; fileRef = 87D9929A21B7792F00FAC981 /* Authentication.swift */; };
		87D9929D21B7796500FAC981 /* MSGraphController.swift in Sources */ = {isa = PBXBuildFile; fileRef = 87D9929C21B7796500FAC981 /* MSGraphController.swift */; };
		87D992A321B78BCB00FAC981 /* myTeamTableViewController.swift in Sources */ = {isa = PBXBuildFile; fileRef = 87D992A221B78BCB00FAC981 /* myTeamTableViewController.swift */; };
		D40BF799265E8998256C7925 /* libPods-myStatus365.a in Frameworks */ = {isa = PBXBuildFile; fileRef = 30DEA3D3C480D152E17F573D /* libPods-myStatus365.a */; };
/* End PBXBuildFile section */

/* Begin PBXContainerItemProxy section */
		87D9928C21B7772600FAC981 /* PBXContainerItemProxy */ = {
			isa = PBXContainerItemProxy;
			containerPortal = 87D9926D21B7772400FAC981 /* Project object */;
			proxyType = 1;
			remoteGlobalIDString = 87D9927421B7772400FAC981;
			remoteInfo = myStatus365;
		};
/* End PBXContainerItemProxy section */

/* Begin PBXFileReference section */
		30DEA3D3C480D152E17F573D /* libPods-myStatus365.a */ = {isa = PBXFileReference; explicitFileType = archive.ar; includeInIndex = 0; path = "libPods-myStatus365.a"; sourceTree = BUILT_PRODUCTS_DIR; };
		473A5559912A0942FB6BA296 /* Pods-myStatus365.debug.xcconfig */ = {isa = PBXFileReference; includeInIndex = 1; lastKnownFileType = text.xcconfig; name = "Pods-myStatus365.debug.xcconfig"; path = "Pods/Target Support Files/Pods-myStatus365/Pods-myStatus365.debug.xcconfig"; sourceTree = "<group>"; };
		8727A95F21B8A4DB00302566 /* myEventsTableViewController.swift */ = {isa = PBXFileReference; lastKnownFileType = sourcecode.swift; path = myEventsTableViewController.swift; sourceTree = "<group>"; };
		8727A96121B8C30A00302566 /* StatusType.swift */ = {isa = PBXFileReference; lastKnownFileType = sourcecode.swift; path = StatusType.swift; sourceTree = "<group>"; };
		87D9927521B7772400FAC981 /* myStatus365.app */ = {isa = PBXFileReference; explicitFileType = wrapper.application; includeInIndex = 0; path = myStatus365.app; sourceTree = BUILT_PRODUCTS_DIR; };
		87D9927821B7772400FAC981 /* AppDelegate.swift */ = {isa = PBXFileReference; lastKnownFileType = sourcecode.swift; path = AppDelegate.swift; sourceTree = "<group>"; };
		87D9927A21B7772400FAC981 /* myStatusViewController.swift */ = {isa = PBXFileReference; lastKnownFileType = sourcecode.swift; path = myStatusViewController.swift; sourceTree = "<group>"; };
		87D9927F21B7772400FAC981 /* Base */ = {isa = PBXFileReference; lastKnownFileType = file.storyboard; name = Base; path = Base.lproj/Main.storyboard; sourceTree = "<group>"; };
		87D9928121B7772600FAC981 /* Assets.xcassets */ = {isa = PBXFileReference; lastKnownFileType = folder.assetcatalog; path = Assets.xcassets; sourceTree = "<group>"; };
		87D9928421B7772600FAC981 /* Base */ = {isa = PBXFileReference; lastKnownFileType = file.storyboard; name = Base; path = Base.lproj/LaunchScreen.storyboard; sourceTree = "<group>"; };
		87D9928621B7772600FAC981 /* Info.plist */ = {isa = PBXFileReference; lastKnownFileType = text.plist.xml; path = Info.plist; sourceTree = "<group>"; };
		87D9928B21B7772600FAC981 /* myStatus365Tests.xctest */ = {isa = PBXFileReference; explicitFileType = wrapper.cfbundle; includeInIndex = 0; path = myStatus365Tests.xctest; sourceTree = BUILT_PRODUCTS_DIR; };
		87D9928F21B7772600FAC981 /* myStatus365Tests.swift */ = {isa = PBXFileReference; lastKnownFileType = sourcecode.swift; path = myStatus365Tests.swift; sourceTree = "<group>"; };
		87D9929121B7772600FAC981 /* Info.plist */ = {isa = PBXFileReference; lastKnownFileType = text.plist.xml; path = Info.plist; sourceTree = "<group>"; };
		87D9929A21B7792F00FAC981 /* Authentication.swift */ = {isa = PBXFileReference; fileEncoding = 4; lastKnownFileType = sourcecode.swift; path = Authentication.swift; sourceTree = "<group>"; };
		87D9929C21B7796500FAC981 /* MSGraphController.swift */ = {isa = PBXFileReference; fileEncoding = 4; lastKnownFileType = sourcecode.swift; path = MSGraphController.swift; sourceTree = "<group>"; };
		87D9929F21B77E3800FAC981 /* myStatus365-Bridging-Header.h */ = {isa = PBXFileReference; lastKnownFileType = sourcecode.c.h; path = "myStatus365-Bridging-Header.h"; sourceTree = "<group>"; };
		87D992A221B78BCB00FAC981 /* myTeamTableViewController.swift */ = {isa = PBXFileReference; lastKnownFileType = sourcecode.swift; path = myTeamTableViewController.swift; sourceTree = "<group>"; };
		D78CC4DE0DE7002FB5519536 /* Pods-myStatus365.release.xcconfig */ = {isa = PBXFileReference; includeInIndex = 1; lastKnownFileType = text.xcconfig; name = "Pods-myStatus365.release.xcconfig"; path = "Pods/Target Support Files/Pods-myStatus365/Pods-myStatus365.release.xcconfig"; sourceTree = "<group>"; };
/* End PBXFileReference section */

/* Begin PBXFrameworksBuildPhase section */
		87D9927221B7772400FAC981 /* Frameworks */ = {
			isa = PBXFrameworksBuildPhase;
			buildActionMask = 2147483647;
			files = (
				D40BF799265E8998256C7925 /* libPods-myStatus365.a in Frameworks */,
			);
			runOnlyForDeploymentPostprocessing = 0;
		};
		87D9928821B7772600FAC981 /* Frameworks */ = {
			isa = PBXFrameworksBuildPhase;
			buildActionMask = 2147483647;
			files = (
			);
			runOnlyForDeploymentPostprocessing = 0;
		};
/* End PBXFrameworksBuildPhase section */

/* Begin PBXGroup section */
		1FD73DD1551F184C90D63266 /* Frameworks */ = {
			isa = PBXGroup;
			children = (
				30DEA3D3C480D152E17F573D /* libPods-myStatus365.a */,
			);
			name = Frameworks;
			sourceTree = "<group>";
		};
		87D9926C21B7772400FAC981 = {
			isa = PBXGroup;
			children = (
				87D9927721B7772400FAC981 /* myStatus365 */,
				87D9928E21B7772600FAC981 /* myStatus365Tests */,
				87D9927621B7772400FAC981 /* Products */,
				A9678EE31F128C1A4CFBB2AC /* Pods */,
				1FD73DD1551F184C90D63266 /* Frameworks */,
				87D9929F21B77E3800FAC981 /* myStatus365-Bridging-Header.h */,
			);
			sourceTree = "<group>";
		};
		87D9927621B7772400FAC981 /* Products */ = {
			isa = PBXGroup;
			children = (
				87D9927521B7772400FAC981 /* myStatus365.app */,
				87D9928B21B7772600FAC981 /* myStatus365Tests.xctest */,
			);
			name = Products;
			sourceTree = "<group>";
		};
		87D9927721B7772400FAC981 /* myStatus365 */ = {
			isa = PBXGroup;
			children = (
				87D9927821B7772400FAC981 /* AppDelegate.swift */,
				87D9927A21B7772400FAC981 /* myStatusViewController.swift */,
				87D992A221B78BCB00FAC981 /* myTeamTableViewController.swift */,
				8727A95F21B8A4DB00302566 /* myEventsTableViewController.swift */,
				87D9929A21B7792F00FAC981 /* Authentication.swift */,
				87D9929C21B7796500FAC981 /* MSGraphController.swift */,
				87D9927E21B7772400FAC981 /* Main.storyboard */,
				87D9928121B7772600FAC981 /* Assets.xcassets */,
				87D9928321B7772600FAC981 /* LaunchScreen.storyboard */,
				87D9928621B7772600FAC981 /* Info.plist */,
				8727A96121B8C30A00302566 /* StatusType.swift */,
			);
			path = myStatus365;
			sourceTree = "<group>";
		};
		87D9928E21B7772600FAC981 /* myStatus365Tests */ = {
			isa = PBXGroup;
			children = (
				87D9928F21B7772600FAC981 /* myStatus365Tests.swift */,
				87D9929121B7772600FAC981 /* Info.plist */,
			);
			path = myStatus365Tests;
			sourceTree = "<group>";
		};
		A9678EE31F128C1A4CFBB2AC /* Pods */ = {
			isa = PBXGroup;
			children = (
				473A5559912A0942FB6BA296 /* Pods-myStatus365.debug.xcconfig */,
				D78CC4DE0DE7002FB5519536 /* Pods-myStatus365.release.xcconfig */,
			);
			name = Pods;
			sourceTree = "<group>";
		};
/* End PBXGroup section */

/* Begin PBXNativeTarget section */
		87D9927421B7772400FAC981 /* myStatus365 */ = {
			isa = PBXNativeTarget;
			buildConfigurationList = 87D9929421B7772600FAC981 /* Build configuration list for PBXNativeTarget "myStatus365" */;
			buildPhases = (
				91DEF4A2AE1F0EA2E45152D2 /* [CP] Check Pods Manifest.lock */,
				87D9927121B7772400FAC981 /* Sources */,
				87D9927221B7772400FAC981 /* Frameworks */,
				87D9927321B7772400FAC981 /* Resources */,
			);
			buildRules = (
			);
			dependencies = (
			);
			name = myStatus365;
			productName = myStatus365;
			productReference = 87D9927521B7772400FAC981 /* myStatus365.app */;
			productType = "com.apple.product-type.application";
		};
		87D9928A21B7772600FAC981 /* myStatus365Tests */ = {
			isa = PBXNativeTarget;
			buildConfigurationList = 87D9929721B7772600FAC981 /* Build configuration list for PBXNativeTarget "myStatus365Tests" */;
			buildPhases = (
				87D9928721B7772600FAC981 /* Sources */,
				87D9928821B7772600FAC981 /* Frameworks */,
				87D9928921B7772600FAC981 /* Resources */,
			);
			buildRules = (
			);
			dependencies = (
				87D9928D21B7772600FAC981 /* PBXTargetDependency */,
			);
			name = myStatus365Tests;
			productName = myStatus365Tests;
			productReference = 87D9928B21B7772600FAC981 /* myStatus365Tests.xctest */;
			productType = "com.apple.product-type.bundle.unit-test";
		};
/* End PBXNativeTarget section */

/* Begin PBXProject section */
		87D9926D21B7772400FAC981 /* Project object */ = {
			isa = PBXProject;
			attributes = {
				LastSwiftUpdateCheck = 1010;
				LastUpgradeCheck = 1010;
				ORGANIZATIONNAME = "Transport for NSW";
				TargetAttributes = {
					87D9927421B7772400FAC981 = {
						CreatedOnToolsVersion = 10.1;
						LastSwiftMigration = 1010;
					};
					87D9928A21B7772600FAC981 = {
						CreatedOnToolsVersion = 10.1;
						TestTargetID = 87D9927421B7772400FAC981;
					};
				};
			};
			buildConfigurationList = 87D9927021B7772400FAC981 /* Build configuration list for PBXProject "myStatus365" */;
			compatibilityVersion = "Xcode 9.3";
			developmentRegion = en;
			hasScannedForEncodings = 0;
			knownRegions = (
				en,
				Base,
			);
			mainGroup = 87D9926C21B7772400FAC981;
			productRefGroup = 87D9927621B7772400FAC981 /* Products */;
			projectDirPath = "";
			projectRoot = "";
			targets = (
				87D9927421B7772400FAC981 /* myStatus365 */,
				87D9928A21B7772600FAC981 /* myStatus365Tests */,
			);
		};
/* End PBXProject section */

/* Begin PBXResourcesBuildPhase section */
		87D9927321B7772400FAC981 /* Resources */ = {
			isa = PBXResourcesBuildPhase;
			buildActionMask = 2147483647;
			files = (
				87D9928521B7772600FAC981 /* LaunchScreen.storyboard in Resources */,
				87D9928221B7772600FAC981 /* Assets.xcassets in Resources */,
				87D9928021B7772400FAC981 /* Main.storyboard in Resources */,
			);
			runOnlyForDeploymentPostprocessing = 0;
		};
		87D9928921B7772600FAC981 /* Resources */ = {
			isa = PBXResourcesBuildPhase;
			buildActionMask = 2147483647;
			files = (
			);
			runOnlyForDeploymentPostprocessing = 0;
		};
/* End PBXResourcesBuildPhase section */

/* Begin PBXShellScriptBuildPhase section */
		91DEF4A2AE1F0EA2E45152D2 /* [CP] Check Pods Manifest.lock */ = {
			isa = PBXShellScriptBuildPhase;
			buildActionMask = 2147483647;
			files = (
			);
			inputFileListPaths = (
			);
			inputPaths = (
				"${PODS_PODFILE_DIR_PATH}/Podfile.lock",
				"${PODS_ROOT}/Manifest.lock",
			);
			name = "[CP] Check Pods Manifest.lock";
			outputFileListPaths = (
			);
			outputPaths = (
				"$(DERIVED_FILE_DIR)/Pods-myStatus365-checkManifestLockResult.txt",
			);
			runOnlyForDeploymentPostprocessing = 0;
			shellPath = /bin/sh;
			shellScript = "diff \"${PODS_PODFILE_DIR_PATH}/Podfile.lock\" \"${PODS_ROOT}/Manifest.lock\" > /dev/null\nif [ $? != 0 ] ; then\n    # print error to STDERR\n    echo \"error: The sandbox is not in sync with the Podfile.lock. Run 'pod install' or update your CocoaPods installation.\" >&2\n    exit 1\nfi\n# This output is used by Xcode 'outputs' to avoid re-running this script phase.\necho \"SUCCESS\" > \"${SCRIPT_OUTPUT_FILE_0}\"\n";
			showEnvVarsInLog = 0;
		};
/* End PBXShellScriptBuildPhase section */

/* Begin PBXSourcesBuildPhase section */
		87D9927121B7772400FAC981 /* Sources */ = {
			isa = PBXSourcesBuildPhase;
			buildActionMask = 2147483647;
			files = (
				8727A96021B8A4DB00302566 /* myEventsTableViewController.swift in Sources */,
				87D9929D21B7796500FAC981 /* MSGraphController.swift in Sources */,
				87D9927921B7772400FAC981 /* AppDelegate.swift in Sources */,
				87D9927B21B7772400FAC981 /* myStatusViewController.swift in Sources */,
				8727A96221B8C30A00302566 /* StatusType.swift in Sources */,
				87D992A321B78BCB00FAC981 /* myTeamTableViewController.swift in Sources */,
				87D9929B21B7792F00FAC981 /* Authentication.swift in Sources */,
			);
			runOnlyForDeploymentPostprocessing = 0;
		};
		87D9928721B7772600FAC981 /* Sources */ = {
			isa = PBXSourcesBuildPhase;
			buildActionMask = 2147483647;
			files = (
				87D9929021B7772600FAC981 /* myStatus365Tests.swift in Sources */,
			);
			runOnlyForDeploymentPostprocessing = 0;
		};
/* End PBXSourcesBuildPhase section */

/* Begin PBXTargetDependency section */
		87D9928D21B7772600FAC981 /* PBXTargetDependency */ = {
			isa = PBXTargetDependency;
			target = 87D9927421B7772400FAC981 /* myStatus365 */;
			targetProxy = 87D9928C21B7772600FAC981 /* PBXContainerItemProxy */;
		};
/* End PBXTargetDependency section */

/* Begin PBXVariantGroup section */
		87D9927E21B7772400FAC981 /* Main.storyboard */ = {
			isa = PBXVariantGroup;
			children = (
				87D9927F21B7772400FAC981 /* Base */,
			);
			name = Main.storyboard;
			sourceTree = "<group>";
		};
		87D9928321B7772600FAC981 /* LaunchScreen.storyboard */ = {
			isa = PBXVariantGroup;
			children = (
				87D9928421B7772600FAC981 /* Base */,
			);
			name = LaunchScreen.storyboard;
			sourceTree = "<group>";
		};
/* End PBXVariantGroup section */

/* Begin XCBuildConfiguration section */
		87D9929221B7772600FAC981 /* Debug */ = {
			isa = XCBuildConfiguration;
			buildSettings = {
				ALWAYS_SEARCH_USER_PATHS = NO;
				CLANG_ANALYZER_NONNULL = YES;
				CLANG_ANALYZER_NUMBER_OBJECT_CONVERSION = YES_AGGRESSIVE;
				CLANG_CXX_LANGUAGE_STANDARD = "gnu++14";
				CLANG_CXX_LIBRARY = "libc++";
				CLANG_ENABLE_MODULES = YES;
				CLANG_ENABLE_OBJC_ARC = YES;
				CLANG_ENABLE_OBJC_WEAK = YES;
				CLANG_WARN_BLOCK_CAPTURE_AUTORELEASING = YES;
				CLANG_WARN_BOOL_CONVERSION = YES;
				CLANG_WARN_COMMA = YES;
				CLANG_WARN_CONSTANT_CONVERSION = YES;
				CLANG_WARN_DEPRECATED_OBJC_IMPLEMENTATIONS = YES;
				CLANG_WARN_DIRECT_OBJC_ISA_USAGE = YES_ERROR;
				CLANG_WARN_DOCUMENTATION_COMMENTS = YES;
				CLANG_WARN_EMPTY_BODY = YES;
				CLANG_WARN_ENUM_CONVERSION = YES;
				CLANG_WARN_INFINITE_RECURSION = YES;
				CLANG_WARN_INT_CONVERSION = YES;
				CLANG_WARN_NON_LITERAL_NULL_CONVERSION = YES;
				CLANG_WARN_OBJC_IMPLICIT_RETAIN_SELF = YES;
				CLANG_WARN_OBJC_LITERAL_CONVERSION = YES;
				CLANG_WARN_OBJC_ROOT_CLASS = YES_ERROR;
				CLANG_WARN_RANGE_LOOP_ANALYSIS = YES;
				CLANG_WARN_STRICT_PROTOTYPES = YES;
				CLANG_WARN_SUSPICIOUS_MOVE = YES;
				CLANG_WARN_UNGUARDED_AVAILABILITY = YES_AGGRESSIVE;
				CLANG_WARN_UNREACHABLE_CODE = YES;
				CLANG_WARN__DUPLICATE_METHOD_MATCH = YES;
				CODE_SIGN_IDENTITY = "iPhone Developer";
				COPY_PHASE_STRIP = NO;
				DEBUG_INFORMATION_FORMAT = dwarf;
				ENABLE_STRICT_OBJC_MSGSEND = YES;
				ENABLE_TESTABILITY = YES;
				GCC_C_LANGUAGE_STANDARD = gnu11;
				GCC_DYNAMIC_NO_PIC = NO;
				GCC_NO_COMMON_BLOCKS = YES;
				GCC_OPTIMIZATION_LEVEL = 0;
				GCC_PREPROCESSOR_DEFINITIONS = (
					"DEBUG=1",
					"$(inherited)",
				);
				GCC_WARN_64_TO_32_BIT_CONVERSION = YES;
				GCC_WARN_ABOUT_RETURN_TYPE = YES_ERROR;
				GCC_WARN_UNDECLARED_SELECTOR = YES;
				GCC_WARN_UNINITIALIZED_AUTOS = YES_AGGRESSIVE;
				GCC_WARN_UNUSED_FUNCTION = YES;
				GCC_WARN_UNUSED_VARIABLE = YES;
				IPHONEOS_DEPLOYMENT_TARGET = 12.1;
				MTL_ENABLE_DEBUG_INFO = INCLUDE_SOURCE;
				MTL_FAST_MATH = YES;
				ONLY_ACTIVE_ARCH = YES;
				SDKROOT = iphoneos;
				SWIFT_ACTIVE_COMPILATION_CONDITIONS = DEBUG;
				SWIFT_OPTIMIZATION_LEVEL = "-Onone";
			};
			name = Debug;
		};
		87D9929321B7772600FAC981 /* Release */ = {
			isa = XCBuildConfiguration;
			buildSettings = {
				ALWAYS_SEARCH_USER_PATHS = NO;
				CLANG_ANALYZER_NONNULL = YES;
				CLANG_ANALYZER_NUMBER_OBJECT_CONVERSION = YES_AGGRESSIVE;
				CLANG_CXX_LANGUAGE_STANDARD = "gnu++14";
				CLANG_CXX_LIBRARY = "libc++";
				CLANG_ENABLE_MODULES = YES;
				CLANG_ENABLE_OBJC_ARC = YES;
				CLANG_ENABLE_OBJC_WEAK = YES;
				CLANG_WARN_BLOCK_CAPTURE_AUTORELEASING = YES;
				CLANG_WARN_BOOL_CONVERSION = YES;
				CLANG_WARN_COMMA = YES;
				CLANG_WARN_CONSTANT_CONVERSION = YES;
				CLANG_WARN_DEPRECATED_OBJC_IMPLEMENTATIONS = YES;
				CLANG_WARN_DIRECT_OBJC_ISA_USAGE = YES_ERROR;
				CLANG_WARN_DOCUMENTATION_COMMENTS = YES;
				CLANG_WARN_EMPTY_BODY = YES;
				CLANG_WARN_ENUM_CONVERSION = YES;
				CLANG_WARN_INFINITE_RECURSION = YES;
				CLANG_WARN_INT_CONVERSION = YES;
				CLANG_WARN_NON_LITERAL_NULL_CONVERSION = YES;
				CLANG_WARN_OBJC_IMPLICIT_RETAIN_SELF = YES;
				CLANG_WARN_OBJC_LITERAL_CONVERSION = YES;
				CLANG_WARN_OBJC_ROOT_CLASS = YES_ERROR;
				CLANG_WARN_RANGE_LOOP_ANALYSIS = YES;
				CLANG_WARN_STRICT_PROTOTYPES = YES;
				CLANG_WARN_SUSPICIOUS_MOVE = YES;
				CLANG_WARN_UNGUARDED_AVAILABILITY = YES_AGGRESSIVE;
				CLANG_WARN_UNREACHABLE_CODE = YES;
				CLANG_WARN__DUPLICATE_METHOD_MATCH = YES;
				CODE_SIGN_IDENTITY = "iPhone Developer";
				COPY_PHASE_STRIP = NO;
				DEBUG_INFORMATION_FORMAT = "dwarf-with-dsym";
				ENABLE_NS_ASSERTIONS = NO;
				ENABLE_STRICT_OBJC_MSGSEND = YES;
				GCC_C_LANGUAGE_STANDARD = gnu11;
				GCC_NO_COMMON_BLOCKS = YES;
				GCC_WARN_64_TO_32_BIT_CONVERSION = YES;
				GCC_WARN_ABOUT_RETURN_TYPE = YES_ERROR;
				GCC_WARN_UNDECLARED_SELECTOR = YES;
				GCC_WARN_UNINITIALIZED_AUTOS = YES_AGGRESSIVE;
				GCC_WARN_UNUSED_FUNCTION = YES;
				GCC_WARN_UNUSED_VARIABLE = YES;
				IPHONEOS_DEPLOYMENT_TARGET = 12.1;
				MTL_ENABLE_DEBUG_INFO = NO;
				MTL_FAST_MATH = YES;
				SDKROOT = iphoneos;
				SWIFT_COMPILATION_MODE = wholemodule;
				SWIFT_OPTIMIZATION_LEVEL = "-O";
				VALIDATE_PRODUCT = YES;
			};
			name = Release;
		};
		87D9929521B7772600FAC981 /* Debug */ = {
			isa = XCBuildConfiguration;
			baseConfigurationReference = 473A5559912A0942FB6BA296 /* Pods-myStatus365.debug.xcconfig */;
			buildSettings = {
				ASSETCATALOG_COMPILER_APPICON_NAME = AppIcon;
				CLANG_ENABLE_MODULES = YES;
				CODE_SIGN_STYLE = Automatic;
				DEVELOPMENT_TEAM = 8CU263VDFG;
				INFOPLIST_FILE = myStatus365/Info.plist;
				IPHONEOS_DEPLOYMENT_TARGET = 12.1;
				LD_RUNPATH_SEARCH_PATHS = (
					"$(inherited)",
					"@executable_path/Frameworks",
				);
				PRODUCT_BUNDLE_IDENTIFIER = au.org.nsw.transport.myStatus365;
				PRODUCT_NAME = "$(TARGET_NAME)";
				SWIFT_OBJC_BRIDGING_HEADER = "myStatus365-Bridging-Header.h";
				SWIFT_OPTIMIZATION_LEVEL = "-Onone";
				SWIFT_VERSION = 4.2;
				TARGETED_DEVICE_FAMILY = 1;
			};
			name = Debug;
		};
		87D9929621B7772600FAC981 /* Release */ = {
			isa = XCBuildConfiguration;
			baseConfigurationReference = D78CC4DE0DE7002FB5519536 /* Pods-myStatus365.release.xcconfig */;
			buildSettings = {
				ASSETCATALOG_COMPILER_APPICON_NAME = AppIcon;
				CLANG_ENABLE_MODULES = YES;
				CODE_SIGN_STYLE = Automatic;
				DEVELOPMENT_TEAM = 8CU263VDFG;
				INFOPLIST_FILE = myStatus365/Info.plist;
				IPHONEOS_DEPLOYMENT_TARGET = 12.1;
				LD_RUNPATH_SEARCH_PATHS = (
					"$(inherited)",
					"@executable_path/Frameworks",
				);
				PRODUCT_BUNDLE_IDENTIFIER = au.org.nsw.transport.myStatus365;
				PRODUCT_NAME = "$(TARGET_NAME)";
				SWIFT_OBJC_BRIDGING_HEADER = "myStatus365-Bridging-Header.h";
				SWIFT_VERSION = 4.2;
				TARGETED_DEVICE_FAMILY = 1;
			};
			name = Release;
		};
		87D9929821B7772600FAC981 /* Debug */ = {
			isa = XCBuildConfiguration;
			buildSettings = {
				ALWAYS_EMBED_SWIFT_STANDARD_LIBRARIES = YES;
				BUNDLE_LOADER = "$(TEST_HOST)";
				CODE_SIGN_STYLE = Automatic;
				DEVELOPMENT_TEAM = 8CU263VDFG;
				INFOPLIST_FILE = myStatus365Tests/Info.plist;
				LD_RUNPATH_SEARCH_PATHS = (
					"$(inherited)",
					"@executable_path/Frameworks",
					"@loader_path/Frameworks",
				);
				PRODUCT_BUNDLE_IDENTIFIER = au.org.nsw.transport.myStatus365Tests;
				PRODUCT_NAME = "$(TARGET_NAME)";
				SWIFT_VERSION = 4.2;
				TARGETED_DEVICE_FAMILY = "1,2";
				TEST_HOST = "$(BUILT_PRODUCTS_DIR)/myStatus365.app/myStatus365";
			};
			name = Debug;
		};
		87D9929921B7772600FAC981 /* Release */ = {
			isa = XCBuildConfiguration;
			buildSettings = {
				ALWAYS_EMBED_SWIFT_STANDARD_LIBRARIES = YES;
				BUNDLE_LOADER = "$(TEST_HOST)";
				CODE_SIGN_STYLE = Automatic;
				DEVELOPMENT_TEAM = 8CU263VDFG;
				INFOPLIST_FILE = myStatus365Tests/Info.plist;
				LD_RUNPATH_SEARCH_PATHS = (
					"$(inherited)",
					"@executable_path/Frameworks",
					"@loader_path/Frameworks",
				);
				PRODUCT_BUNDLE_IDENTIFIER = au.org.nsw.transport.myStatus365Tests;
				PRODUCT_NAME = "$(TARGET_NAME)";
				SWIFT_VERSION = 4.2;
				TARGETED_DEVICE_FAMILY = "1,2";
				TEST_HOST = "$(BUILT_PRODUCTS_DIR)/myStatus365.app/myStatus365";
			};
			name = Release;
		};
/* End XCBuildConfiguration section */

/* Begin XCConfigurationList section */
		87D9927021B7772400FAC981 /* Build configuration list for PBXProject "myStatus365" */ = {
			isa = XCConfigurationList;
			buildConfigurations = (
				87D9929221B7772600FAC981 /* Debug */,
				87D9929321B7772600FAC981 /* Release */,
			);
			defaultConfigurationIsVisible = 0;
			defaultConfigurationName = Release;
		};
		87D9929421B7772600FAC981 /* Build configuration list for PBXNativeTarget "myStatus365" */ = {
			isa = XCConfigurationList;
			buildConfigurations = (
				87D9929521B7772600FAC981 /* Debug */,
				87D9929621B7772600FAC981 /* Release */,
			);
			defaultConfigurationIsVisible = 0;
			defaultConfigurationName = Release;
		};
		87D9929721B7772600FAC981 /* Build configuration list for PBXNativeTarget "myStatus365Tests" */ = {
			isa = XCConfigurationList;
			buildConfigurations = (
				87D9929821B7772600FAC981 /* Debug */,
				87D9929921B7772600FAC981 /* Release */,
			);
			defaultConfigurationIsVisible = 0;
			defaultConfigurationName = Release;
		};
/* End XCConfigurationList section */
	};
	rootObject = 87D9926D21B7772400FAC981 /* Project object */;
}
